
Microsoft Visual Studio Solution File, Format Version 12.00
# Visual Studio Version 17
VisualStudioVersion = 17.5.2.0
MinimumVisualStudioVersion = 10.0.40219.1
Project("{FAE04EC0-301F-11D3-BF4B-00C04F79EFBC}") = "6-C# Herança", "6-C# Herança.csproj", "{371A3E4D-CC47-E9E9-F4A9-3FE43A8A250C}"
EndProject
Global
	GlobalSection(SolutionConfigurationPlatforms) = preSolution
		Debug|Any CPU = Debug|Any CPU
		Release|Any CPU = Release|Any CPU
	EndGlobalSection
	GlobalSection(ProjectConfigurationPlatforms) = postSolution
		{371A3E4D-CC47-E9E9-F4A9-3FE43A8A250C}.Debug|Any CPU.ActiveCfg = Debug|Any CPU
		{371A3E4D-CC47-E9E9-F4A9-3FE43A8A250C}.Debug|Any CPU.Build.0 = Debug|Any CPU
		{371A3E4D-CC47-E9E9-F4A9-3FE43A8A250C}.Release|Any CPU.ActiveCfg = Release|Any CPU
		{371A3E4D-CC47-E9E9-F4A9-3FE43A8A250C}.Release|Any CPU.Build.0 = Release|Any CPU
	EndGlobalSection
	GlobalSection(SolutionProperties) = preSolution
		HideSolutionNode = FALSE
	EndGlobalSection
	GlobalSection(ExtensibilityGlobals) = postSolution
		SolutionGuid = {E3894EAE-ADFB-47C2-A67F-DBED2344CE7B}
	EndGlobalSection
EndGlobal
